
Microsoft Visual Studio Solution File, Format Version 12.00
# Visual Studio Version 16
VisualStudioVersion = 16.0.29709.97
MinimumVisualStudioVersion = 10.0.40219.1
Project("{FAE04EC0-301F-11D3-BF4B-00C04F79EFBC}") = "Leave-Managment", "Leave-Managment\Leave-Managment.csproj", "{BCB98C3C-5DD5-4AF2-9EB3-8ED5E3B9CCDA}"
EndProject
Global
	GlobalSection(SolutionConfigurationPlatforms) = preSolution
		Debug|Any CPU = Debug|Any CPU
		Release|Any CPU = Release|Any CPU
	EndGlobalSection
	GlobalSection(ProjectConfigurationPlatforms) = postSolution
		{BCB98C3C-5DD5-4AF2-9EB3-8ED5E3B9CCDA}.Debug|Any CPU.ActiveCfg = Debug|Any CPU
		{BCB98C3C-5DD5-4AF2-9EB3-8ED5E3B9CCDA}.Debug|Any CPU.Build.0 = Debug|Any CPU
		{BCB98C3C-5DD5-4AF2-9EB3-8ED5E3B9CCDA}.Release|Any CPU.ActiveCfg = Release|Any CPU
		{BCB98C3C-5DD5-4AF2-9EB3-8ED5E3B9CCDA}.Release|Any CPU.Build.0 = Release|Any CPU
	EndGlobalSection
	GlobalSection(SolutionProperties) = preSolution
		HideSolutionNode = FALSE
	EndGlobalSection
	GlobalSection(ExtensibilityGlobals) = postSolution
		SolutionGuid = {8C408375-D803-4E6E-9D7B-DB334F2D5315}
	EndGlobalSection
EndGlobal
